
Microsoft Visual Studio Solution File, Format Version 12.00
# Visual Studio Version 17
VisualStudioVersion = 17.13.35825.156
MinimumVisualStudioVersion = 10.0.40219.1
Project("{FAE04EC0-301F-11D3-BF4B-00C04F79EFBC}") = "Store CAR", "Store CAR\Store CAR.csproj", "{F140A8E9-71C1-437E-B822-C8FB983EA7A3}"
EndProject
Project("{FAE04EC0-301F-11D3-BF4B-00C04F79EFBC}") = "Domain", "Domain\Domain.csproj", "{4BFCD973-A75C-4C83-86C4-51B1292B5F13}"
EndProject
Project("{FAE04EC0-301F-11D3-BF4B-00C04F79EFBC}") = "Infrustructure", "Infrustructure\Infrustructure.csproj", "{C83B7BFD-9587-483A-8769-4D66534A217A}"
EndProject
Project("{FAE04EC0-301F-11D3-BF4B-00C04F79EFBC}") = "Application", "Application\Application.csproj", "{3289E002-4D90-46CD-A842-845E4797FE95}"
EndProject
Global
	GlobalSection(SolutionConfigurationPlatforms) = preSolution
		Debug|Any CPU = Debug|Any CPU
		Release|Any CPU = Release|Any CPU
	EndGlobalSection
	GlobalSection(ProjectConfigurationPlatforms) = postSolution
		{F140A8E9-71C1-437E-B822-C8FB983EA7A3}.Debug|Any CPU.ActiveCfg = Debug|Any CPU
		{F140A8E9-71C1-437E-B822-C8FB983EA7A3}.Debug|Any CPU.Build.0 = Debug|Any CPU
		{F140A8E9-71C1-437E-B822-C8FB983EA7A3}.Release|Any CPU.ActiveCfg = Release|Any CPU
		{F140A8E9-71C1-437E-B822-C8FB983EA7A3}.Release|Any CPU.Build.0 = Release|Any CPU
		{4BFCD973-A75C-4C83-86C4-51B1292B5F13}.Debug|Any CPU.ActiveCfg = Debug|Any CPU
		{4BFCD973-A75C-4C83-86C4-51B1292B5F13}.Debug|Any CPU.Build.0 = Debug|Any CPU
		{4BFCD973-A75C-4C83-86C4-51B1292B5F13}.Release|Any CPU.ActiveCfg = Release|Any CPU
		{4BFCD973-A75C-4C83-86C4-51B1292B5F13}.Release|Any CPU.Build.0 = Release|Any CPU
		{C83B7BFD-9587-483A-8769-4D66534A217A}.Debug|Any CPU.ActiveCfg = Debug|Any CPU
		{C83B7BFD-9587-483A-8769-4D66534A217A}.Debug|Any CPU.Build.0 = Debug|Any CPU
		{C83B7BFD-9587-483A-8769-4D66534A217A}.Release|Any CPU.ActiveCfg = Release|Any CPU
		{C83B7BFD-9587-483A-8769-4D66534A217A}.Release|Any CPU.Build.0 = Release|Any CPU
		{3289E002-4D90-46CD-A842-845E4797FE95}.Debug|Any CPU.ActiveCfg = Debug|Any CPU
		{3289E002-4D90-46CD-A842-845E4797FE95}.Debug|Any CPU.Build.0 = Debug|Any CPU
		{3289E002-4D90-46CD-A842-845E4797FE95}.Release|Any CPU.ActiveCfg = Release|Any CPU
		{3289E002-4D90-46CD-A842-845E4797FE95}.Release|Any CPU.Build.0 = Release|Any CPU
	EndGlobalSection
	GlobalSection(SolutionProperties) = preSolution
		HideSolutionNode = FALSE
	EndGlobalSection
	GlobalSection(ExtensibilityGlobals) = postSolution
		SolutionGuid = {08E52EE2-BCD0-47FD-9F10-576D45B39247}
	EndGlobalSection
EndGlobal
